{
  "name": "nura-frontend-tools",
  "lockfileVersion": 3,
  "requires": true,
  "packages": {
    "": {
      "name": "nura-frontend-tools",
      "dependencies": {
        "@vkid/sdk": "2.6.6"
      }
    },
    "node_modules/@vkid/sdk": {
      "version": "2.6.6",
      "resolved": "https://registry.npmjs.org/@vkid/sdk/-/sdk-2.6.6.tgz",
      "integrity": "sha512-X/GO75dFJDauphaDkFo1BKofzRNZR7DmDjwT6oktYg2w0MMyp6IJmHG0OJk7d2TDOlgqnBzqqYsAmdWXEOmS+A==",
      "license": "MIT",
      "dependencies": {
        "crypto-js": "4.2.0"
      }
    },
    "node_modules/crypto-js": {
      "version": "4.2.0",
      "resolved": "https://registry.npmjs.org/crypto-js/-/crypto-js-4.2.0.tgz",
      "integrity": "sha512-KALDyEYgpY+Rlob/iriUtjV6d5Eq+Y191A5g4UqLAi8CyGP9N1+FdVbkc1SxKc2r4YAYqG8JzO2KGL+AizD70Q==",
      "license": "MIT"
    }
  }
}
